
Microsoft Visual Studio Solution File, Format Version 12.00
# Visual Studio 15
VisualStudioVersion = 15.0.27130.2010
MinimumVisualStudioVersion = 10.0.40219.1
Project("{CC5FD16D-436D-48AD-A40C-5A424C6E3E79}") = "AzureCloudService1", "AzureCloudService1\AzureCloudService1.ccproj", "{D07FBDB6-C37A-48AF-8EAB-4AD80D36EA3F}"
EndProject
Project("{FAE04EC0-301F-11D3-BF4B-00C04F79EFBC}") = "WorkerRole1", "WorkerRole1\WorkerRole1.csproj", "{41CA223A-3485-4DD6-8649-C45900AAA551}"
EndProject
Global
	GlobalSection(SolutionConfigurationPlatforms) = preSolution
		Debug|Any CPU = Debug|Any CPU
		Release|Any CPU = Release|Any CPU
	EndGlobalSection
	GlobalSection(ProjectConfigurationPlatforms) = postSolution
		{D07FBDB6-C37A-48AF-8EAB-4AD80D36EA3F}.Debug|Any CPU.ActiveCfg = Debug|Any CPU
		{D07FBDB6-C37A-48AF-8EAB-4AD80D36EA3F}.Debug|Any CPU.Build.0 = Debug|Any CPU
		{D07FBDB6-C37A-48AF-8EAB-4AD80D36EA3F}.Release|Any CPU.ActiveCfg = Release|Any CPU
		{D07FBDB6-C37A-48AF-8EAB-4AD80D36EA3F}.Release|Any CPU.Build.0 = Release|Any CPU
		{41CA223A-3485-4DD6-8649-C45900AAA551}.Debug|Any CPU.ActiveCfg = Debug|Any CPU
		{41CA223A-3485-4DD6-8649-C45900AAA551}.Debug|Any CPU.Build.0 = Debug|Any CPU
		{41CA223A-3485-4DD6-8649-C45900AAA551}.Release|Any CPU.ActiveCfg = Release|Any CPU
		{41CA223A-3485-4DD6-8649-C45900AAA551}.Release|Any CPU.Build.0 = Release|Any CPU
	EndGlobalSection
	GlobalSection(SolutionProperties) = preSolution
		HideSolutionNode = FALSE
	EndGlobalSection
	GlobalSection(ExtensibilityGlobals) = postSolution
		SolutionGuid = {6A31D84C-48FC-4616-B210-F89B9FFE7061}
	EndGlobalSection
EndGlobal
